// !$*UTF8*$!
{
	archiveVersion = 1;
	classes = {
	};
	objectVersion = 46;
	objects = {

/* Begin PBXBuildFile section */
		971F10321D6C16330033850E /* test2.swift in Sources */ = {isa = PBXBuildFile; fileRef = 971F10311D6C16330033850E /* test2.swift */; settings = {ASSET_TAGS = (); }; };
		971F10591D6C522A0033850E /* balance_sel.png in Resources */ = {isa = PBXBuildFile; fileRef = 971F104F1D6C522A0033850E /* balance_sel.png */; settings = {ASSET_TAGS = (); }; };
		971F105A1D6C522A0033850E /* balance.png in Resources */ = {isa = PBXBuildFile; fileRef = 971F10501D6C522A0033850E /* balance.png */; settings = {ASSET_TAGS = (); }; };
		971F105B1D6C522A0033850E /* calendar_sel.png in Resources */ = {isa = PBXBuildFile; fileRef = 971F10511D6C522A0033850E /* calendar_sel.png */; settings = {ASSET_TAGS = (); }; };
		971F105C1D6C522A0033850E /* calendar.png in Resources */ = {isa = PBXBuildFile; fileRef = 971F10521D6C522A0033850E /* calendar.png */; settings = {ASSET_TAGS = (); }; };
		971F105D1D6C522A0033850E /* home_sel.png in Resources */ = {isa = PBXBuildFile; fileRef = 971F10531D6C522A0033850E /* home_sel.png */; settings = {ASSET_TAGS = (); }; };
		971F105E1D6C522A0033850E /* home.png in Resources */ = {isa = PBXBuildFile; fileRef = 971F10541D6C522A0033850E /* home.png */; settings = {ASSET_TAGS = (); }; };
		971F105F1D6C522A0033850E /* set_sel.png in Resources */ = {isa = PBXBuildFile; fileRef = 971F10551D6C522A0033850E /* set_sel.png */; settings = {ASSET_TAGS = (); }; };
		971F10601D6C522A0033850E /* set.png in Resources */ = {isa = PBXBuildFile; fileRef = 971F10561D6C522A0033850E /* set.png */; settings = {ASSET_TAGS = (); }; };
		971F10611D6C522A0033850E /* tongji_sel.png in Resources */ = {isa = PBXBuildFile; fileRef = 971F10571D6C522A0033850E /* tongji_sel.png */; settings = {ASSET_TAGS = (); }; };
		971F10621D6C522A0033850E /* tongji.png in Resources */ = {isa = PBXBuildFile; fileRef = 971F10581D6C522A0033850E /* tongji.png */; settings = {ASSET_TAGS = (); }; };
		9720C7511D6AE3FC00CD914B /* AppDelegate.swift in Sources */ = {isa = PBXBuildFile; fileRef = 9720C7501D6AE3FC00CD914B /* AppDelegate.swift */; };
		9720C7581D6AE3FC00CD914B /* Assets.xcassets in Resources */ = {isa = PBXBuildFile; fileRef = 9720C7571D6AE3FC00CD914B /* Assets.xcassets */; };
		9720C75B1D6AE3FC00CD914B /* LaunchScreen.storyboard in Resources */ = {isa = PBXBuildFile; fileRef = 9720C7591D6AE3FC00CD914B /* LaunchScreen.storyboard */; };
		9720C7641D6AF22B00CD914B /* XQUIViewController.swift in Sources */ = {isa = PBXBuildFile; fileRef = 9720C7631D6AF22B00CD914B /* XQUIViewController.swift */; settings = {ASSET_TAGS = (); }; };
		9720C7661D6AF2D000CD914B /* XQUITabBarController.swift in Sources */ = {isa = PBXBuildFile; fileRef = 9720C7651D6AF2D000CD914B /* XQUITabBarController.swift */; settings = {ASSET_TAGS = (); }; };
		9720C7681D6AF3C300CD914B /* XQUINavigationController.swift in Sources */ = {isa = PBXBuildFile; fileRef = 9720C7671D6AF3C300CD914B /* XQUINavigationController.swift */; settings = {ASSET_TAGS = (); }; };
		972E192D1D6B16E800F5C067 /* KeyWindow.swift in Sources */ = {isa = PBXBuildFile; fileRef = 972E192C1D6B16E800F5C067 /* KeyWindow.swift */; settings = {ASSET_TAGS = (); }; };
		972E192F1D6B193E00F5C067 /* TabBarController.swift in Sources */ = {isa = PBXBuildFile; fileRef = 972E192E1D6B193E00F5C067 /* TabBarController.swift */; settings = {ASSET_TAGS = (); }; };
		972E19311D6B3EE700F5C067 /* NavigationController.swift in Sources */ = {isa = PBXBuildFile; fileRef = 972E19301D6B3EE700F5C067 /* NavigationController.swift */; settings = {ASSET_TAGS = (); }; };
		972E19331D6B40DC00F5C067 /* TestViewController.swift in Sources */ = {isa = PBXBuildFile; fileRef = 972E19321D6B40DC00F5C067 /* TestViewController.swift */; settings = {ASSET_TAGS = (); }; };
		978AF56E1D6C9FD50001A387 /* balance_sel@2x.png in Resources */ = {isa = PBXBuildFile; fileRef = 978AF5641D6C9FD50001A387 /* balance_sel@2x.png */; settings = {ASSET_TAGS = (); }; };
		978AF56F1D6C9FD50001A387 /* balance@2x.png in Resources */ = {isa = PBXBuildFile; fileRef = 978AF5651D6C9FD50001A387 /* balance@2x.png */; settings = {ASSET_TAGS = (); }; };
		978AF5701D6C9FD50001A387 /* calendar_sel@2x.png in Resources */ = {isa = PBXBuildFile; fileRef = 978AF5661D6C9FD50001A387 /* calendar_sel@2x.png */; settings = {ASSET_TAGS = (); }; };
		978AF5711D6C9FD50001A387 /* calendar@2x.png in Resources */ = {isa = PBXBuildFile; fileRef = 978AF5671D6C9FD50001A387 /* calendar@2x.png */; settings = {ASSET_TAGS = (); }; };
		978AF5721D6C9FD50001A387 /* home_sel@2x.png in Resources */ = {isa = PBXBuildFile; fileRef = 978AF5681D6C9FD50001A387 /* home_sel@2x.png */; settings = {ASSET_TAGS = (); }; };
		978AF5731D6C9FD50001A387 /* home@2x.png in Resources */ = {isa = PBXBuildFile; fileRef = 978AF5691D6C9FD50001A387 /* home@2x.png */; settings = {ASSET_TAGS = (); }; };
		978AF5741D6C9FD50001A387 /* set_sel@2x.png in Resources */ = {isa = PBXBuildFile; fileRef = 978AF56A1D6C9FD50001A387 /* set_sel@2x.png */; settings = {ASSET_TAGS = (); }; };
		978AF5751D6C9FD50001A387 /* set@2x.png in Resources */ = {isa = PBXBuildFile; fileRef = 978AF56B1D6C9FD50001A387 /* set@2x.png */; settings = {ASSET_TAGS = (); }; };
		978AF5761D6C9FD50001A387 /* tongji_sel@2x.png in Resources */ = {isa = PBXBuildFile; fileRef = 978AF56C1D6C9FD50001A387 /* tongji_sel@2x.png */; settings = {ASSET_TAGS = (); }; };
		978AF5771D6C9FD50001A387 /* tongji@2x.png in Resources */ = {isa = PBXBuildFile; fileRef = 978AF56D1D6C9FD50001A387 /* tongji@2x.png */; settings = {ASSET_TAGS = (); }; };
		97CAF85A1D6D94D600F62041 /* yxx_clock_sel.png in Resources */ = {isa = PBXBuildFile; fileRef = 97CAF83C1D6D94D600F62041 /* yxx_clock_sel.png */; settings = {ASSET_TAGS = (); }; };
		97CAF85B1D6D94D600F62041 /* yxx_clock_sel@2x.png in Resources */ = {isa = PBXBuildFile; fileRef = 97CAF83D1D6D94D600F62041 /* yxx_clock_sel@2x.png */; settings = {ASSET_TAGS = (); }; };
		97CAF85C1D6D94D600F62041 /* yxx_clock_sel@3x.png in Resources */ = {isa = PBXBuildFile; fileRef = 97CAF83E1D6D94D600F62041 /* yxx_clock_sel@3x.png */; settings = {ASSET_TAGS = (); }; };
		97CAF85D1D6D94D600F62041 /* yxx_clock.png in Resources */ = {isa = PBXBuildFile; fileRef = 97CAF83F1D6D94D600F62041 /* yxx_clock.png */; settings = {ASSET_TAGS = (); }; };
		97CAF85E1D6D94D600F62041 /* yxx_clock@2x.png in Resources */ = {isa = PBXBuildFile; fileRef = 97CAF8401D6D94D600F62041 /* yxx_clock@2x.png */; settings = {ASSET_TAGS = (); }; };
		97CAF85F1D6D94D600F62041 /* yxx_clock@3x.png in Resources */ = {isa = PBXBuildFile; fileRef = 97CAF8411D6D94D600F62041 /* yxx_clock@3x.png */; settings = {ASSET_TAGS = (); }; };
		97CAF8601D6D94D600F62041 /* yxx_gear_sel.png in Resources */ = {isa = PBXBuildFile; fileRef = 97CAF8421D6D94D600F62041 /* yxx_gear_sel.png */; settings = {ASSET_TAGS = (); }; };
		97CAF8611D6D94D600F62041 /* yxx_gear_sel@2x.png in Resources */ = {isa = PBXBuildFile; fileRef = 97CAF8431D6D94D600F62041 /* yxx_gear_sel@2x.png */; settings = {ASSET_TAGS = (); }; };
		97CAF8621D6D94D600F62041 /* yxx_gear_sel@3x.png in Resources */ = {isa = PBXBuildFile; fileRef = 97CAF8441D6D94D600F62041 /* yxx_gear_sel@3x.png */; settings = {ASSET_TAGS = (); }; };
		97CAF8631D6D94D600F62041 /* yxx_gear.png in Resources */ = {isa = PBXBuildFile; fileRef = 97CAF8451D6D94D600F62041 /* yxx_gear.png */; settings = {ASSET_TAGS = (); }; };
		97CAF8641D6D94D600F62041 /* yxx_gear@2x.png in Resources */ = {isa = PBXBuildFile; fileRef = 97CAF8461D6D94D600F62041 /* yxx_gear@2x.png */; settings = {ASSET_TAGS = (); }; };
		97CAF8651D6D94D600F62041 /* yxx_gear@3x.png in Resources */ = {isa = PBXBuildFile; fileRef = 97CAF8471D6D94D600F62041 /* yxx_gear@3x.png */; settings = {ASSET_TAGS = (); }; };
		97CAF8661D6D94D600F62041 /* yxx_lock_sel.png in Resources */ = {isa = PBXBuildFile; fileRef = 97CAF8481D6D94D600F62041 /* yxx_lock_sel.png */; settings = {ASSET_TAGS = (); }; };
		97CAF8671D6D94D600F62041 /* yxx_lock_sel@2x.png in Resources */ = {isa = PBXBuildFile; fileRef = 97CAF8491D6D94D600F62041 /* yxx_lock_sel@2x.png */; settings = {ASSET_TAGS = (); }; };
		97CAF8681D6D94D600F62041 /* yxx_lock_sel@3x.png in Resources */ = {isa = PBXBuildFile; fileRef = 97CAF84A1D6D94D600F62041 /* yxx_lock_sel@3x.png */; settings = {ASSET_TAGS = (); }; };
		97CAF8691D6D94D600F62041 /* yxx_lock.png in Resources */ = {isa = PBXBuildFile; fileRef = 97CAF84B1D6D94D600F62041 /* yxx_lock.png */; settings = {ASSET_TAGS = (); }; };
		97CAF86A1D6D94D600F62041 /* yxx_lock@2x.png in Resources */ = {isa = PBXBuildFile; fileRef = 97CAF84C1D6D94D600F62041 /* yxx_lock@2x.png */; settings = {ASSET_TAGS = (); }; };
		97CAF86B1D6D94D600F62041 /* yxx_lock@3x.png in Resources */ = {isa = PBXBuildFile; fileRef = 97CAF84D1D6D94D600F62041 /* yxx_lock@3x.png */; settings = {ASSET_TAGS = (); }; };
		97CAF86C1D6D94D600F62041 /* yxx_ticket_sel.png in Resources */ = {isa = PBXBuildFile; fileRef = 97CAF84E1D6D94D600F62041 /* yxx_ticket_sel.png */; settings = {ASSET_TAGS = (); }; };
		97CAF86D1D6D94D600F62041 /* yxx_ticket_sel@2x.png in Resources */ = {isa = PBXBuildFile; fileRef = 97CAF84F1D6D94D600F62041 /* yxx_ticket_sel@2x.png */; settings = {ASSET_TAGS = (); }; };
		97CAF86E1D6D94D600F62041 /* yxx_ticket_sel@3x.png in Resources */ = {isa = PBXBuildFile; fileRef = 97CAF8501D6D94D600F62041 /* yxx_ticket_sel@3x.png */; settings = {ASSET_TAGS = (); }; };
		97CAF86F1D6D94D600F62041 /* yxx_ticket.png in Resources */ = {isa = PBXBuildFile; fileRef = 97CAF8511D6D94D600F62041 /* yxx_ticket.png */; settings = {ASSET_TAGS = (); }; };
		97CAF8701D6D94D600F62041 /* yxx_ticket@2x.png in Resources */ = {isa = PBXBuildFile; fileRef = 97CAF8521D6D94D600F62041 /* yxx_ticket@2x.png */; settings = {ASSET_TAGS = (); }; };
		97CAF8711D6D94D600F62041 /* yxx_ticket@3x.png in Resources */ = {isa = PBXBuildFile; fileRef = 97CAF8531D6D94D600F62041 /* yxx_ticket@3x.png */; settings = {ASSET_TAGS = (); }; };
		97CAF8721D6D94D600F62041 /* yxx_user_sel.png in Resources */ = {isa = PBXBuildFile; fileRef = 97CAF8541D6D94D600F62041 /* yxx_user_sel.png */; settings = {ASSET_TAGS = (); }; };
		97CAF8731D6D94D600F62041 /* yxx_user_sel@2x.png in Resources */ = {isa = PBXBuildFile; fileRef = 97CAF8551D6D94D600F62041 /* yxx_user_sel@2x.png */; settings = {ASSET_TAGS = (); }; };
		97CAF8741D6D94D600F62041 /* yxx_user_sel@3x.png in Resources */ = {isa = PBXBuildFile; fileRef = 97CAF8561D6D94D600F62041 /* yxx_user_sel@3x.png */; settings = {ASSET_TAGS = (); }; };
		97CAF8751D6D94D600F62041 /* yxx_user.png in Resources */ = {isa = PBXBuildFile; fileRef = 97CAF8571D6D94D600F62041 /* yxx_user.png */; settings = {ASSET_TAGS = (); }; };
		97CAF8761D6D94D600F62041 /* yxx_user@2x.png in Resources */ = {isa = PBXBuildFile; fileRef = 97CAF8581D6D94D600F62041 /* yxx_user@2x.png */; settings = {ASSET_TAGS = (); }; };
		97CAF8771D6D94D600F62041 /* yxx_user@3x.png in Resources */ = {isa = PBXBuildFile; fileRef = 97CAF8591D6D94D600F62041 /* yxx_user@3x.png */; settings = {ASSET_TAGS = (); }; };
/* End PBXBuildFile section */

/* Begin PBXFileReference section */
		971F10311D6C16330033850E /* test2.swift */ = {isa = PBXFileReference; fileEncoding = 4; lastKnownFileType = sourcecode.swift; path = test2.swift; sourceTree = "<group>"; };
		971F104F1D6C522A0033850E /* balance_sel.png */ = {isa = PBXFileReference; lastKnownFileType = image.png; path = balance_sel.png; sourceTree = "<group>"; };
		971F10501D6C522A0033850E /* balance.png */ = {isa = PBXFileReference; lastKnownFileType = image.png; path = balance.png; sourceTree = "<group>"; };
		971F10511D6C522A0033850E /* calendar_sel.png */ = {isa = PBXFileReference; lastKnownFileType = image.png; path = calendar_sel.png; sourceTree = "<group>"; };
		971F10521D6C522A0033850E /* calendar.png */ = {isa = PBXFileReference; lastKnownFileType = image.png; path = calendar.png; sourceTree = "<group>"; };
		971F10531D6C522A0033850E /* home_sel.png */ = {isa = PBXFileReference; lastKnownFileType = image.png; path = home_sel.png; sourceTree = "<group>"; };
		971F10541D6C522A0033850E /* home.png */ = {isa = PBXFileReference; lastKnownFileType = image.png; path = home.png; sourceTree = "<group>"; };
		971F10551D6C522A0033850E /* set_sel.png */ = {isa = PBXFileReference; lastKnownFileType = image.png; path = set_sel.png; sourceTree = "<group>"; };
		971F10561D6C522A0033850E /* set.png */ = {isa = PBXFileReference; lastKnownFileType = image.png; path = set.png; sourceTree = "<group>"; };
		971F10571D6C522A0033850E /* tongji_sel.png */ = {isa = PBXFileReference; lastKnownFileType = image.png; path = tongji_sel.png; sourceTree = "<group>"; };
		971F10581D6C522A0033850E /* tongji.png */ = {isa = PBXFileReference; lastKnownFileType = image.png; path = tongji.png; sourceTree = "<group>"; };
		9720C74D1D6AE3FC00CD914B /* Original.app */ = {isa = PBXFileReference; explicitFileType = wrapper.application; includeInIndex = 0; path = Original.app; sourceTree = BUILT_PRODUCTS_DIR; };
		9720C7501D6AE3FC00CD914B /* AppDelegate.swift */ = {isa = PBXFileReference; lastKnownFileType = sourcecode.swift; path = AppDelegate.swift; sourceTree = "<group>"; };
		9720C7571D6AE3FC00CD914B /* Assets.xcassets */ = {isa = PBXFileReference; lastKnownFileType = folder.assetcatalog; path = Assets.xcassets; sourceTree = "<group>"; };
		9720C75A1D6AE3FC00CD914B /* Base */ = {isa = PBXFileReference; lastKnownFileType = file.storyboard; name = Base; path = Base.lproj/LaunchScreen.storyboard; sourceTree = "<group>"; };
		9720C75C1D6AE3FC00CD914B /* Info.plist */ = {isa = PBXFileReference; lastKnownFileType = text.plist.xml; path = Info.plist; sourceTree = "<group>"; };
		9720C7631D6AF22B00CD914B /* XQUIViewController.swift */ = {isa = PBXFileReference; fileEncoding = 4; lastKnownFileType = sourcecode.swift; path = XQUIViewController.swift; sourceTree = "<group>"; };
		9720C7651D6AF2D000CD914B /* XQUITabBarController.swift */ = {isa = PBXFileReference; fileEncoding = 4; lastKnownFileType = sourcecode.swift; path = XQUITabBarController.swift; sourceTree = "<group>"; };
		9720C7671D6AF3C300CD914B /* XQUINavigationController.swift */ = {isa = PBXFileReference; fileEncoding = 4; lastKnownFileType = sourcecode.swift; path = XQUINavigationController.swift; sourceTree = "<group>"; };
		972E192C1D6B16E800F5C067 /* KeyWindow.swift */ = {isa = PBXFileReference; fileEncoding = 4; lastKnownFileType = sourcecode.swift; path = KeyWindow.swift; sourceTree = "<group>"; };
		972E192E1D6B193E00F5C067 /* TabBarController.swift */ = {isa = PBXFileReference; fileEncoding = 4; lastKnownFileType = sourcecode.swift; path = TabBarController.swift; sourceTree = "<group>"; };
		972E19301D6B3EE700F5C067 /* NavigationController.swift */ = {isa = PBXFileReference; fileEncoding = 4; lastKnownFileType = sourcecode.swift; path = NavigationController.swift; sourceTree = "<group>"; };
		972E19321D6B40DC00F5C067 /* TestViewController.swift */ = {isa = PBXFileReference; fileEncoding = 4; lastKnownFileType = sourcecode.swift; path = TestViewController.swift; sourceTree = "<group>"; };
		978AF5641D6C9FD50001A387 /* balance_sel@2x.png */ = {isa = PBXFileReference; lastKnownFileType = image.png; path = "balance_sel@2x.png"; sourceTree = "<group>"; };
		978AF5651D6C9FD50001A387 /* balance@2x.png */ = {isa = PBXFileReference; lastKnownFileType = image.png; path = "balance@2x.png"; sourceTree = "<group>"; };
		978AF5661D6C9FD50001A387 /* calendar_sel@2x.png */ = {isa = PBXFileReference; lastKnownFileType = image.png; path = "calendar_sel@2x.png"; sourceTree = "<group>"; };
		978AF5671D6C9FD50001A387 /* calendar@2x.png */ = {isa = PBXFileReference; lastKnownFileType = image.png; path = "calendar@2x.png"; sourceTree = "<group>"; };
		978AF5681D6C9FD50001A387 /* home_sel@2x.png */ = {isa = PBXFileReference; lastKnownFileType = image.png; path = "home_sel@2x.png"; sourceTree = "<group>"; };
		978AF5691D6C9FD50001A387 /* home@2x.png */ = {isa = PBXFileReference; lastKnownFileType = image.png; path = "home@2x.png"; sourceTree = "<group>"; };
		978AF56A1D6C9FD50001A387 /* set_sel@2x.png */ = {isa = PBXFileReference; lastKnownFileType = image.png; path = "set_sel@2x.png"; sourceTree = "<group>"; };
		978AF56B1D6C9FD50001A387 /* set@2x.png */ = {isa = PBXFileReference; lastKnownFileType = image.png; path = "set@2x.png"; sourceTree = "<group>"; };
		978AF56C1D6C9FD50001A387 /* tongji_sel@2x.png */ = {isa = PBXFileReference; lastKnownFileType = image.png; path = "tongji_sel@2x.png"; sourceTree = "<group>"; };
		978AF56D1D6C9FD50001A387 /* tongji@2x.png */ = {isa = PBXFileReference; lastKnownFileType = image.png; path = "tongji@2x.png"; sourceTree = "<group>"; };
		97CAF83C1D6D94D600F62041 /* yxx_clock_sel.png */ = {isa = PBXFileReference; lastKnownFileType = image.png; path = yxx_clock_sel.png; sourceTree = "<group>"; };
		97CAF83D1D6D94D600F62041 /* yxx_clock_sel@2x.png */ = {isa = PBXFileReference; lastKnownFileType = image.png; path = "yxx_clock_sel@2x.png"; sourceTree = "<group>"; };
		97CAF83E1D6D94D600F62041 /* yxx_clock_sel@3x.png */ = {isa = PBXFileReference; lastKnownFileType = image.png; path = "yxx_clock_sel@3x.png"; sourceTree = "<group>"; };
		97CAF83F1D6D94D600F62041 /* yxx_clock.png */ = {isa = PBXFileReference; lastKnownFileType = image.png; path = yxx_clock.png; sourceTree = "<group>"; };
		97CAF8401D6D94D600F62041 /* yxx_clock@2x.png */ = {isa = PBXFileReference; lastKnownFileType = image.png; path = "yxx_clock@2x.png"; sourceTree = "<group>"; };
		97CAF8411D6D94D600F62041 /* yxx_clock@3x.png */ = {isa = PBXFileReference; lastKnownFileType = image.png; path = "yxx_clock@3x.png"; sourceTree = "<group>"; };
		97CAF8421D6D94D600F62041 /* yxx_gear_sel.png */ = {isa = PBXFileReference; lastKnownFileType = image.png; path = yxx_gear_sel.png; sourceTree = "<group>"; };
		97CAF8431D6D94D600F62041 /* yxx_gear_sel@2x.png */ = {isa = PBXFileReference; lastKnownFileType = image.png; path = "yxx_gear_sel@2x.png"; sourceTree = "<group>"; };
		97CAF8441D6D94D600F62041 /* yxx_gear_sel@3x.png */ = {isa = PBXFileReference; lastKnownFileType = image.png; path = "yxx_gear_sel@3x.png"; sourceTree = "<group>"; };
		97CAF8451D6D94D600F62041 /* yxx_gear.png */ = {isa = PBXFileReference; lastKnownFileType = image.png; path = yxx_gear.png; sourceTree = "<group>"; };
		97CAF8461D6D94D600F62041 /* yxx_gear@2x.png */ = {isa = PBXFileReference; lastKnownFileType = image.png; path = "yxx_gear@2x.png"; sourceTree = "<group>"; };
		97CAF8471D6D94D600F62041 /* yxx_gear@3x.png */ = {isa = PBXFileReference; lastKnownFileType = image.png; path = "yxx_gear@3x.png"; sourceTree = "<group>"; };
		97CAF8481D6D94D600F62041 /* yxx_lock_sel.png */ = {isa = PBXFileReference; lastKnownFileType = image.png; path = yxx_lock_sel.png; sourceTree = "<group>"; };
		97CAF8491D6D94D600F62041 /* yxx_lock_sel@2x.png */ = {isa = PBXFileReference; lastKnownFileType = image.png; path = "yxx_lock_sel@2x.png"; sourceTree = "<group>"; };
		97CAF84A1D6D94D600F62041 /* yxx_lock_sel@3x.png */ = {isa = PBXFileReference; lastKnownFileType = image.png; path = "yxx_lock_sel@3x.png"; sourceTree = "<group>"; };
		97CAF84B1D6D94D600F62041 /* yxx_lock.png */ = {isa = PBXFileReference; lastKnownFileType = image.png; path = yxx_lock.png; sourceTree = "<group>"; };
		97CAF84C1D6D94D600F62041 /* yxx_lock@2x.png */ = {isa = PBXFileReference; lastKnownFileType = image.png; path = "yxx_lock@2x.png"; sourceTree = "<group>"; };
		97CAF84D1D6D94D600F62041 /* yxx_lock@3x.png */ = {isa = PBXFileReference; lastKnownFileType = image.png; path = "yxx_lock@3x.png"; sourceTree = "<group>"; };
		97CAF84E1D6D94D600F62041 /* yxx_ticket_sel.png */ = {isa = PBXFileReference; lastKnownFileType = image.png; path = yxx_ticket_sel.png; sourceTree = "<group>"; };
		97CAF84F1D6D94D600F62041 /* yxx_ticket_sel@2x.png */ = {isa = PBXFileReference; lastKnownFileType = image.png; path = "yxx_ticket_sel@2x.png"; sourceTree = "<group>"; };
		97CAF8501D6D94D600F62041 /* yxx_ticket_sel@3x.png */ = {isa = PBXFileReference; lastKnownFileType = image.png; path = "yxx_ticket_sel@3x.png"; sourceTree = "<group>"; };
		97CAF8511D6D94D600F62041 /* yxx_ticket.png */ = {isa = PBXFileReference; lastKnownFileType = image.png; path = yxx_ticket.png; sourceTree = "<group>"; };
		97CAF8521D6D94D600F62041 /* yxx_ticket@2x.png */ = {isa = PBXFileReference; lastKnownFileType = image.png; path = "yxx_ticket@2x.png"; sourceTree = "<group>"; };
		97CAF8531D6D94D600F62041 /* yxx_ticket@3x.png */ = {isa = PBXFileReference; lastKnownFileType = image.png; path = "yxx_ticket@3x.png"; sourceTree = "<group>"; };
		97CAF8541D6D94D600F62041 /* yxx_user_sel.png */ = {isa = PBXFileReference; lastKnownFileType = image.png; path = yxx_user_sel.png; sourceTree = "<group>"; };
		97CAF8551D6D94D600F62041 /* yxx_user_sel@2x.png */ = {isa = PBXFileReference; lastKnownFileType = image.png; path = "yxx_user_sel@2x.png"; sourceTree = "<group>"; };
		97CAF8561D6D94D600F62041 /* yxx_user_sel@3x.png */ = {isa = PBXFileReference; lastKnownFileType = image.png; path = "yxx_user_sel@3x.png"; sourceTree = "<group>"; };
		97CAF8571D6D94D600F62041 /* yxx_user.png */ = {isa = PBXFileReference; lastKnownFileType = image.png; path = yxx_user.png; sourceTree = "<group>"; };
		97CAF8581D6D94D600F62041 /* yxx_user@2x.png */ = {isa = PBXFileReference; lastKnownFileType = image.png; path = "yxx_user@2x.png"; sourceTree = "<group>"; };
		97CAF8591D6D94D600F62041 /* yxx_user@3x.png */ = {isa = PBXFileReference; lastKnownFileType = image.png; path = "yxx_user@3x.png"; sourceTree = "<group>"; };
/* End PBXFileReference section */

/* Begin PBXFrameworksBuildPhase section */
		9720C74A1D6AE3FC00CD914B /* Frameworks */ = {
			isa = PBXFrameworksBuildPhase;
			buildActionMask = 2147483647;
			files = (
			);
			runOnlyForDeploymentPostprocessing = 0;
		};
/* End PBXFrameworksBuildPhase section */

/* Begin PBXGroup section */
		9720C7441D6AE3FC00CD914B = {
			isa = PBXGroup;
			children = (
				9720C74F1D6AE3FC00CD914B /* Original */,
				9720C74E1D6AE3FC00CD914B /* Products */,
			);
			sourceTree = "<group>";
		};
		9720C74E1D6AE3FC00CD914B /* Products */ = {
			isa = PBXGroup;
			children = (
				9720C74D1D6AE3FC00CD914B /* Original.app */,
			);
			name = Products;
			sourceTree = "<group>";
		};
		9720C74F1D6AE3FC00CD914B /* Original */ = {
			isa = PBXGroup;
			children = (
				97CAF7FE1D6D633500F62041 /* assets */,
				9720C7501D6AE3FC00CD914B /* AppDelegate.swift */,
				97CAF83B1D6D8E6B00F62041 /* asset */,
				972E192B1D6B16BD00F5C067 /* Controllers */,
				9720C7621D6AF18C00CD914B /* base */,
				9720C7571D6AE3FC00CD914B /* Assets.xcassets */,
				9720C7591D6AE3FC00CD914B /* LaunchScreen.storyboard */,
				9720C75C1D6AE3FC00CD914B /* Info.plist */,
			);
			path = Original;
			sourceTree = "<group>";
		};
		9720C7621D6AF18C00CD914B /* base */ = {
			isa = PBXGroup;
			children = (
				9720C7631D6AF22B00CD914B /* XQUIViewController.swift */,
				9720C7651D6AF2D000CD914B /* XQUITabBarController.swift */,
				9720C7671D6AF3C300CD914B /* XQUINavigationController.swift */,
			);
			name = base;
			sourceTree = "<group>";
		};
		972E192B1D6B16BD00F5C067 /* Controllers */ = {
			isa = PBXGroup;
			children = (
				972E192C1D6B16E800F5C067 /* KeyWindow.swift */,
				972E192E1D6B193E00F5C067 /* TabBarController.swift */,
				972E19301D6B3EE700F5C067 /* NavigationController.swift */,
				972E19321D6B40DC00F5C067 /* TestViewController.swift */,
				971F10311D6C16330033850E /* test2.swift */,
			);
			name = Controllers;
			sourceTree = "<group>";
		};
		97CAF7FE1D6D633500F62041 /* assets */ = {
			isa = PBXGroup;
			children = (
				971F10501D6C522A0033850E /* balance.png */,
				971F104F1D6C522A0033850E /* balance_sel.png */,
				971F10511D6C522A0033850E /* calendar_sel.png */,
				971F10521D6C522A0033850E /* calendar.png */,
				978AF5641D6C9FD50001A387 /* balance_sel@2x.png */,
				978AF5651D6C9FD50001A387 /* balance@2x.png */,
				978AF5661D6C9FD50001A387 /* calendar_sel@2x.png */,
				978AF5671D6C9FD50001A387 /* calendar@2x.png */,
				978AF5681D6C9FD50001A387 /* home_sel@2x.png */,
				978AF5691D6C9FD50001A387 /* home@2x.png */,
				978AF56A1D6C9FD50001A387 /* set_sel@2x.png */,
				978AF56B1D6C9FD50001A387 /* set@2x.png */,
				978AF56C1D6C9FD50001A387 /* tongji_sel@2x.png */,
				978AF56D1D6C9FD50001A387 /* tongji@2x.png */,
				971F10531D6C522A0033850E /* home_sel.png */,
				971F10541D6C522A0033850E /* home.png */,
				971F10551D6C522A0033850E /* set_sel.png */,
				971F10561D6C522A0033850E /* set.png */,
				971F10571D6C522A0033850E /* tongji_sel.png */,
				971F10581D6C522A0033850E /* tongji.png */,
			);
			name = assets;
			sourceTree = "<group>";
		};
		97CAF83B1D6D8E6B00F62041 /* asset */ = {
			isa = PBXGroup;
			children = (
				97CAF83C1D6D94D600F62041 /* yxx_clock_sel.png */,
				97CAF83D1D6D94D600F62041 /* yxx_clock_sel@2x.png */,
				97CAF83E1D6D94D600F62041 /* yxx_clock_sel@3x.png */,
				97CAF83F1D6D94D600F62041 /* yxx_clock.png */,
				97CAF8401D6D94D600F62041 /* yxx_clock@2x.png */,
				97CAF8411D6D94D600F62041 /* yxx_clock@3x.png */,
				97CAF8421D6D94D600F62041 /* yxx_gear_sel.png */,
				97CAF8431D6D94D600F62041 /* yxx_gear_sel@2x.png */,
				97CAF8441D6D94D600F62041 /* yxx_gear_sel@3x.png */,
				97CAF8451D6D94D600F62041 /* yxx_gear.png */,
				97CAF8461D6D94D600F62041 /* yxx_gear@2x.png */,
				97CAF8471D6D94D600F62041 /* yxx_gear@3x.png */,
				97CAF8481D6D94D600F62041 /* yxx_lock_sel.png */,
				97CAF8491D6D94D600F62041 /* yxx_lock_sel@2x.png */,
				97CAF84A1D6D94D600F62041 /* yxx_lock_sel@3x.png */,
				97CAF84B1D6D94D600F62041 /* yxx_lock.png */,
				97CAF84C1D6D94D600F62041 /* yxx_lock@2x.png */,
				97CAF84D1D6D94D600F62041 /* yxx_lock@3x.png */,
				97CAF84E1D6D94D600F62041 /* yxx_ticket_sel.png */,
				97CAF84F1D6D94D600F62041 /* yxx_ticket_sel@2x.png */,
				97CAF8501D6D94D600F62041 /* yxx_ticket_sel@3x.png */,
				97CAF8511D6D94D600F62041 /* yxx_ticket.png */,
				97CAF8521D6D94D600F62041 /* yxx_ticket@2x.png */,
				97CAF8531D6D94D600F62041 /* yxx_ticket@3x.png */,
				97CAF8541D6D94D600F62041 /* yxx_user_sel.png */,
				97CAF8551D6D94D600F62041 /* yxx_user_sel@2x.png */,
				97CAF8561D6D94D600F62041 /* yxx_user_sel@3x.png */,
				97CAF8571D6D94D600F62041 /* yxx_user.png */,
				97CAF8581D6D94D600F62041 /* yxx_user@2x.png */,
				97CAF8591D6D94D600F62041 /* yxx_user@3x.png */,
			);
			name = asset;
			sourceTree = "<group>";
		};
/* End PBXGroup section */

/* Begin PBXNativeTarget section */
		9720C74C1D6AE3FC00CD914B /* Original */ = {
			isa = PBXNativeTarget;
			buildConfigurationList = 9720C75F1D6AE3FC00CD914B /* Build configuration list for PBXNativeTarget "Original" */;
			buildPhases = (
				9720C7491D6AE3FC00CD914B /* Sources */,
				9720C74A1D6AE3FC00CD914B /* Frameworks */,
				9720C74B1D6AE3FC00CD914B /* Resources */,
			);
			buildRules = (
			);
			dependencies = (
			);
			name = Original;
			productName = Original;
			productReference = 9720C74D1D6AE3FC00CD914B /* Original.app */;
			productType = "com.apple.product-type.application";
		};
/* End PBXNativeTarget section */

/* Begin PBXProject section */
		9720C7451D6AE3FC00CD914B /* Project object */ = {
			isa = PBXProject;
			attributes = {
				LastUpgradeCheck = 0700;
				ORGANIZATIONNAME = tsing.sun;
				TargetAttributes = {
					9720C74C1D6AE3FC00CD914B = {
						CreatedOnToolsVersion = 7.0;
						DevelopmentTeam = 4V59YL5W58;
					};
				};
			};
			buildConfigurationList = 9720C7481D6AE3FC00CD914B /* Build configuration list for PBXProject "Original" */;
			compatibilityVersion = "Xcode 3.2";
			developmentRegion = English;
			hasScannedForEncodings = 0;
			knownRegions = (
				en,
				Base,
			);
			mainGroup = 9720C7441D6AE3FC00CD914B;
			productRefGroup = 9720C74E1D6AE3FC00CD914B /* Products */;
			projectDirPath = "";
			projectRoot = "";
			targets = (
				9720C74C1D6AE3FC00CD914B /* Original */,
			);
		};
/* End PBXProject section */

/* Begin PBXResourcesBuildPhase section */
		9720C74B1D6AE3FC00CD914B /* Resources */ = {
			isa = PBXResourcesBuildPhase;
			buildActionMask = 2147483647;
			files = (
				97CAF8771D6D94D600F62041 /* yxx_user@3x.png in Resources */,
				97CAF85C1D6D94D600F62041 /* yxx_clock_sel@3x.png in Resources */,
				971F105A1D6C522A0033850E /* balance.png in Resources */,
				97CAF8741D6D94D600F62041 /* yxx_user_sel@3x.png in Resources */,
				97CAF85A1D6D94D600F62041 /* yxx_clock_sel.png in Resources */,
				971F105F1D6C522A0033850E /* set_sel.png in Resources */,
				97CAF8671D6D94D600F62041 /* yxx_lock_sel@2x.png in Resources */,
				97CAF8711D6D94D600F62041 /* yxx_ticket@3x.png in Resources */,
				978AF5701D6C9FD50001A387 /* calendar_sel@2x.png in Resources */,
				97CAF85E1D6D94D600F62041 /* yxx_clock@2x.png in Resources */,
				97CAF8631D6D94D600F62041 /* yxx_gear.png in Resources */,
				97CAF8761D6D94D600F62041 /* yxx_user@2x.png in Resources */,
				978AF5771D6C9FD50001A387 /* tongji@2x.png in Resources */,
				97CAF8731D6D94D600F62041 /* yxx_user_sel@2x.png in Resources */,
				97CAF8751D6D94D600F62041 /* yxx_user.png in Resources */,
				97CAF8661D6D94D600F62041 /* yxx_lock_sel.png in Resources */,
				97CAF8691D6D94D600F62041 /* yxx_lock.png in Resources */,
				97CAF85D1D6D94D600F62041 /* yxx_clock.png in Resources */,
				97CAF86A1D6D94D600F62041 /* yxx_lock@2x.png in Resources */,
				978AF5751D6C9FD50001A387 /* set@2x.png in Resources */,
				971F105C1D6C522A0033850E /* calendar.png in Resources */,
				97CAF8701D6D94D600F62041 /* yxx_ticket@2x.png in Resources */,
				97CAF86E1D6D94D600F62041 /* yxx_ticket_sel@3x.png in Resources */,
				97CAF85F1D6D94D600F62041 /* yxx_clock@3x.png in Resources */,
				971F105D1D6C522A0033850E /* home_sel.png in Resources */,
				971F105B1D6C522A0033850E /* calendar_sel.png in Resources */,
				978AF5711D6C9FD50001A387 /* calendar@2x.png in Resources */,
				97CAF8601D6D94D600F62041 /* yxx_gear_sel.png in Resources */,
				978AF5761D6C9FD50001A387 /* tongji_sel@2x.png in Resources */,
				971F105E1D6C522A0033850E /* home.png in Resources */,
				9720C75B1D6AE3FC00CD914B /* LaunchScreen.storyboard in Resources */,
				971F10611D6C522A0033850E /* tongji_sel.png in Resources */,
				971F10621D6C522A0033850E /* tongji.png in Resources */,
				978AF5741D6C9FD50001A387 /* set_sel@2x.png in Resources */,
				97CAF85B1D6D94D600F62041 /* yxx_clock_sel@2x.png in Resources */,
				978AF56F1D6C9FD50001A387 /* balance@2x.png in Resources */,
				97CAF86F1D6D94D600F62041 /* yxx_ticket.png in Resources */,
				97CAF8641D6D94D600F62041 /* yxx_gear@2x.png in Resources */,
				978AF56E1D6C9FD50001A387 /* balance_sel@2x.png in Resources */,
				97CAF86C1D6D94D600F62041 /* yxx_ticket_sel.png in Resources */,
				97CAF86B1D6D94D600F62041 /* yxx_lock@3x.png in Resources */,
				97CAF8651D6D94D600F62041 /* yxx_gear@3x.png in Resources */,
				97CAF8611D6D94D600F62041 /* yxx_gear_sel@2x.png in Resources */,
				97CAF8621D6D94D600F62041 /* yxx_gear_sel@3x.png in Resources */,
				9720C7581D6AE3FC00CD914B /* Assets.xcassets in Resources */,
				97CAF8681D6D94D600F62041 /* yxx_lock_sel@3x.png in Resources */,
				978AF5721D6C9FD50001A387 /* home_sel@2x.png in Resources */,
				971F10601D6C522A0033850E /* set.png in Resources */,
				97CAF8721D6D94D600F62041 /* yxx_user_sel.png in Resources */,
				97CAF86D1D6D94D600F62041 /* yxx_ticket_sel@2x.png in Resources */,
				971F10591D6C522A0033850E /* balance_sel.png in Resources */,
				978AF5731D6C9FD50001A387 /* home@2x.png in Resources */,
			);
			runOnlyForDeploymentPostprocessing = 0;
		};
/* End PBXResourcesBuildPhase section */

/* Begin PBXSourcesBuildPhase section */
		9720C7491D6AE3FC00CD914B /* Sources */ = {
			isa = PBXSourcesBuildPhase;
			buildActionMask = 2147483647;
			files = (
				972E192D1D6B16E800F5C067 /* KeyWindow.swift in Sources */,
				971F10321D6C16330033850E /* test2.swift in Sources */,
				9720C7661D6AF2D000CD914B /* XQUITabBarController.swift in Sources */,
				972E19331D6B40DC00F5C067 /* TestViewController.swift in Sources */,
				9720C7511D6AE3FC00CD914B /* AppDelegate.swift in Sources */,
				972E192F1D6B193E00F5C067 /* TabBarController.swift in Sources */,
				9720C7641D6AF22B00CD914B /* XQUIViewController.swift in Sources */,
				972E19311D6B3EE700F5C067 /* NavigationController.swift in Sources */,
				9720C7681D6AF3C300CD914B /* XQUINavigationController.swift in Sources */,
			);
			runOnlyForDeploymentPostprocessing = 0;
		};
/* End PBXSourcesBuildPhase section */

/* Begin PBXVariantGroup section */
		9720C7591D6AE3FC00CD914B /* LaunchScreen.storyboard */ = {
			isa = PBXVariantGroup;
			children = (
				9720C75A1D6AE3FC00CD914B /* Base */,
			);
			name = LaunchScreen.storyboard;
			sourceTree = "<group>";
		};
/* End PBXVariantGroup section */

/* Begin XCBuildConfiguration section */
		9720C75D1D6AE3FC00CD914B /* Debug */ = {
			isa = XCBuildConfiguration;
			buildSettings = {
				ALWAYS_SEARCH_USER_PATHS = NO;
				CLANG_CXX_LANGUAGE_STANDARD = "gnu++0x";
				CLANG_CXX_LIBRARY = "libc++";
				CLANG_ENABLE_MODULES = YES;
				CLANG_ENABLE_OBJC_ARC = YES;
				CLANG_WARN_BOOL_CONVERSION = YES;
				CLANG_WARN_CONSTANT_CONVERSION = YES;
				CLANG_WARN_DIRECT_OBJC_ISA_USAGE = YES_ERROR;
				CLANG_WARN_EMPTY_BODY = YES;
				CLANG_WARN_ENUM_CONVERSION = YES;
				CLANG_WARN_INT_CONVERSION = YES;
				CLANG_WARN_OBJC_ROOT_CLASS = YES_ERROR;
				CLANG_WARN_UNREACHABLE_CODE = YES;
				CLANG_WARN__DUPLICATE_METHOD_MATCH = YES;
				"CODE_SIGN_IDENTITY[sdk=iphoneos*]" = "iPhone Developer";
				COPY_PHASE_STRIP = NO;
				DEBUG_INFORMATION_FORMAT = dwarf;
				ENABLE_STRICT_OBJC_MSGSEND = YES;
				ENABLE_TESTABILITY = YES;
				GCC_C_LANGUAGE_STANDARD = gnu99;
				GCC_DYNAMIC_NO_PIC = NO;
				GCC_NO_COMMON_BLOCKS = YES;
				GCC_OPTIMIZATION_LEVEL = 0;
				GCC_PREPROCESSOR_DEFINITIONS = (
					"DEBUG=1",
					"$(inherited)",
				);
				GCC_WARN_64_TO_32_BIT_CONVERSION = YES;
				GCC_WARN_ABOUT_RETURN_TYPE = YES_ERROR;
				GCC_WARN_UNDECLARED_SELECTOR = YES;
				GCC_WARN_UNINITIALIZED_AUTOS = YES_AGGRESSIVE;
				GCC_WARN_UNUSED_FUNCTION = YES;
				GCC_WARN_UNUSED_VARIABLE = YES;
				IPHONEOS_DEPLOYMENT_TARGET = 9.0;
				MTL_ENABLE_DEBUG_INFO = YES;
				ONLY_ACTIVE_ARCH = YES;
				SDKROOT = iphoneos;
				SWIFT_OPTIMIZATION_LEVEL = "-Onone";
			};
			name = Debug;
		};
		9720C75E1D6AE3FC00CD914B /* Release */ = {
			isa = XCBuildConfiguration;
			buildSettings = {
				ALWAYS_SEARCH_USER_PATHS = NO;
				CLANG_CXX_LANGUAGE_STANDARD = "gnu++0x";
				CLANG_CXX_LIBRARY = "libc++";
				CLANG_ENABLE_MODULES = YES;
				CLANG_ENABLE_OBJC_ARC = YES;
				CLANG_WARN_BOOL_CONVERSION = YES;
				CLANG_WARN_CONSTANT_CONVERSION = YES;
				CLANG_WARN_DIRECT_OBJC_ISA_USAGE = YES_ERROR;
				CLANG_WARN_EMPTY_BODY = YES;
				CLANG_WARN_ENUM_CONVERSION = YES;
				CLANG_WARN_INT_CONVERSION = YES;
				CLANG_WARN_OBJC_ROOT_CLASS = YES_ERROR;
				CLANG_WARN_UNREACHABLE_CODE = YES;
				CLANG_WARN__DUPLICATE_METHOD_MATCH = YES;
				"CODE_SIGN_IDENTITY[sdk=iphoneos*]" = "iPhone Developer";
				COPY_PHASE_STRIP = NO;
				DEBUG_INFORMATION_FORMAT = "dwarf-with-dsym";
				ENABLE_NS_ASSERTIONS = NO;
				ENABLE_STRICT_OBJC_MSGSEND = YES;
				GCC_C_LANGUAGE_STANDARD = gnu99;
				GCC_NO_COMMON_BLOCKS = YES;
				GCC_WARN_64_TO_32_BIT_CONVERSION = YES;
				GCC_WARN_ABOUT_RETURN_TYPE = YES_ERROR;
				GCC_WARN_UNDECLARED_SELECTOR = YES;
				GCC_WARN_UNINITIALIZED_AUTOS = YES_AGGRESSIVE;
				GCC_WARN_UNUSED_FUNCTION = YES;
				GCC_WARN_UNUSED_VARIABLE = YES;
				IPHONEOS_DEPLOYMENT_TARGET = 9.0;
				MTL_ENABLE_DEBUG_INFO = NO;
				SDKROOT = iphoneos;
				VALIDATE_PRODUCT = YES;
			};
			name = Release;
		};
		9720C7601D6AE3FC00CD914B /* Debug */ = {
			isa = XCBuildConfiguration;
			buildSettings = {
				ASSETCATALOG_COMPILER_APPICON_NAME = AppIcon;
				INFOPLIST_FILE = Original/Info.plist;
				LD_RUNPATH_SEARCH_PATHS = "$(inherited) @executable_path/Frameworks";
				PRODUCT_BUNDLE_IDENTIFIER = com.tsing.Original;
				PRODUCT_NAME = "$(TARGET_NAME)";
			};
			name = Debug;
		};
		9720C7611D6AE3FC00CD914B /* Release */ = {
			isa = XCBuildConfiguration;
			buildSettings = {
				ASSETCATALOG_COMPILER_APPICON_NAME = AppIcon;
				INFOPLIST_FILE = Original/Info.plist;
				LD_RUNPATH_SEARCH_PATHS = "$(inherited) @executable_path/Frameworks";
				PRODUCT_BUNDLE_IDENTIFIER = com.tsing.Original;
				PRODUCT_NAME = "$(TARGET_NAME)";
			};
			name = Release;
		};
/* End XCBuildConfiguration section */

/* Begin XCConfigurationList section */
		9720C7481D6AE3FC00CD914B /* Build configuration list for PBXProject "Original" */ = {
			isa = XCConfigurationList;
			buildConfigurations = (
				9720C75D1D6AE3FC00CD914B /* Debug */,
				9720C75E1D6AE3FC00CD914B /* Release */,
			);
			defaultConfigurationIsVisible = 0;
			defaultConfigurationName = Release;
		};
		9720C75F1D6AE3FC00CD914B /* Build configuration list for PBXNativeTarget "Original" */ = {
			isa = XCConfigurationList;
			buildConfigurations = (
				9720C7601D6AE3FC00CD914B /* Debug */,
				9720C7611D6AE3FC00CD914B /* Release */,
			);
			defaultConfigurationIsVisible = 0;
			defaultConfigurationName = Release;
		};
/* End XCConfigurationList section */
	};
	rootObject = 9720C7451D6AE3FC00CD914B /* Project object */;
}
