// !$*UTF8*$!
{
	archiveVersion = 1;
	classes = {
	};
	objectVersion = 46;
	objects = {

/* Begin PBXBuildFile section */
		9714C81B1D65550A00C949F4 /* AppDelegate.swift in Sources */ = {isa = PBXBuildFile; fileRef = 9714C81A1D65550A00C949F4 /* AppDelegate.swift */; };
		9714C8221D65550A00C949F4 /* Assets.xcassets in Resources */ = {isa = PBXBuildFile; fileRef = 9714C8211D65550A00C949F4 /* Assets.xcassets */; };
		9714C8251D65550A00C949F4 /* LaunchScreen.storyboard in Resources */ = {isa = PBXBuildFile; fileRef = 9714C8231D65550A00C949F4 /* LaunchScreen.storyboard */; };
		9714C8311D65806B00C949F4 /* FirstPageView.swift in Sources */ = {isa = PBXBuildFile; fileRef = 9714C8301D65806B00C949F4 /* FirstPageView.swift */; settings = {ASSET_TAGS = (); }; };
		9714C8341D6596EF00C949F4 /* ViewController.swift in Sources */ = {isa = PBXBuildFile; fileRef = 9714C8331D6596EF00C949F4 /* ViewController.swift */; settings = {ASSET_TAGS = (); }; };
		97236A971D6598B400650923 /* TabBarController.swift in Sources */ = {isa = PBXBuildFile; fileRef = 97236A961D6598B400650923 /* TabBarController.swift */; settings = {ASSET_TAGS = (); }; };
		97236A991D659FDF00650923 /* RootController.swift in Sources */ = {isa = PBXBuildFile; fileRef = 97236A981D659FDF00650923 /* RootController.swift */; settings = {ASSET_TAGS = (); }; };
/* End PBXBuildFile section */

/* Begin PBXFileReference section */
		9714C8171D65550A00C949F4 /* test.app */ = {isa = PBXFileReference; explicitFileType = wrapper.application; includeInIndex = 0; path = test.app; sourceTree = BUILT_PRODUCTS_DIR; };
		9714C81A1D65550A00C949F4 /* AppDelegate.swift */ = {isa = PBXFileReference; lastKnownFileType = sourcecode.swift; path = AppDelegate.swift; sourceTree = "<group>"; };
		9714C8211D65550A00C949F4 /* Assets.xcassets */ = {isa = PBXFileReference; lastKnownFileType = folder.assetcatalog; path = Assets.xcassets; sourceTree = "<group>"; };
		9714C8241D65550A00C949F4 /* Base */ = {isa = PBXFileReference; lastKnownFileType = file.storyboard; name = Base; path = Base.lproj/LaunchScreen.storyboard; sourceTree = "<group>"; };
		9714C8261D65550A00C949F4 /* Info.plist */ = {isa = PBXFileReference; lastKnownFileType = text.plist.xml; path = Info.plist; sourceTree = "<group>"; };
		9714C8301D65806B00C949F4 /* FirstPageView.swift */ = {isa = PBXFileReference; fileEncoding = 4; lastKnownFileType = sourcecode.swift; path = FirstPageView.swift; sourceTree = "<group>"; };
		9714C8331D6596EF00C949F4 /* ViewController.swift */ = {isa = PBXFileReference; fileEncoding = 4; lastKnownFileType = sourcecode.swift; path = ViewController.swift; sourceTree = "<group>"; };
		97236A961D6598B400650923 /* TabBarController.swift */ = {isa = PBXFileReference; fileEncoding = 4; lastKnownFileType = sourcecode.swift; path = TabBarController.swift; sourceTree = "<group>"; };
		97236A981D659FDF00650923 /* RootController.swift */ = {isa = PBXFileReference; fileEncoding = 4; lastKnownFileType = sourcecode.swift; path = RootController.swift; sourceTree = "<group>"; };
/* End PBXFileReference section */

/* Begin PBXFrameworksBuildPhase section */
		9714C8141D65550A00C949F4 /* Frameworks */ = {
			isa = PBXFrameworksBuildPhase;
			buildActionMask = 2147483647;
			files = (
			);
			runOnlyForDeploymentPostprocessing = 0;
		};
/* End PBXFrameworksBuildPhase section */

/* Begin PBXGroup section */
		9714C80E1D65550A00C949F4 = {
			isa = PBXGroup;
			children = (
				9714C8191D65550A00C949F4 /* test */,
				9714C8181D65550A00C949F4 /* Products */,
			);
			sourceTree = "<group>";
		};
		9714C8181D65550A00C949F4 /* Products */ = {
			isa = PBXGroup;
			children = (
				9714C8171D65550A00C949F4 /* test.app */,
			);
			name = Products;
			sourceTree = "<group>";
		};
		9714C8191D65550A00C949F4 /* test */ = {
			isa = PBXGroup;
			children = (
				9714C81A1D65550A00C949F4 /* AppDelegate.swift */,
				9714C8321D65961300C949F4 /* base */,
				9714C82F1D657DD700C949F4 /* Models */,
				9714C82E1D657D8100C949F4 /* Views */,
				9714C82C1D657D4E00C949F4 /* Controllers */,
				9714C8211D65550A00C949F4 /* Assets.xcassets */,
				9714C8231D65550A00C949F4 /* LaunchScreen.storyboard */,
				9714C8261D65550A00C949F4 /* Info.plist */,
			);
			path = test;
			sourceTree = "<group>";
		};
		9714C82C1D657D4E00C949F4 /* Controllers */ = {
			isa = PBXGroup;
			children = (
				97236A981D659FDF00650923 /* RootController.swift */,
			);
			name = Controllers;
			sourceTree = "<group>";
		};
		9714C82E1D657D8100C949F4 /* Views */ = {
			isa = PBXGroup;
			children = (
				9714C8301D65806B00C949F4 /* FirstPageView.swift */,
				97236A9A1D65A2FC00650923 /* FirstPage */,
			);
			name = Views;
			sourceTree = "<group>";
		};
		9714C82F1D657DD700C949F4 /* Models */ = {
			isa = PBXGroup;
			children = (
			);
			name = Models;
			sourceTree = "<group>";
		};
		9714C8321D65961300C949F4 /* base */ = {
			isa = PBXGroup;
			children = (
				9714C8331D6596EF00C949F4 /* ViewController.swift */,
				97236A961D6598B400650923 /* TabBarController.swift */,
			);
			name = base;
			sourceTree = "<group>";
		};
		97236A9A1D65A2FC00650923 /* FirstPage */ = {
			isa = PBXGroup;
			children = (
			);
			name = FirstPage;
			sourceTree = "<group>";
		};
/* End PBXGroup section */

/* Begin PBXNativeTarget section */
		9714C8161D65550A00C949F4 /* test */ = {
			isa = PBXNativeTarget;
			buildConfigurationList = 9714C8291D65550A00C949F4 /* Build configuration list for PBXNativeTarget "test" */;
			buildPhases = (
				9714C8131D65550A00C949F4 /* Sources */,
				9714C8141D65550A00C949F4 /* Frameworks */,
				9714C8151D65550A00C949F4 /* Resources */,
			);
			buildRules = (
			);
			dependencies = (
			);
			name = test;
			productName = test;
			productReference = 9714C8171D65550A00C949F4 /* test.app */;
			productType = "com.apple.product-type.application";
		};
/* End PBXNativeTarget section */

/* Begin PBXProject section */
		9714C80F1D65550A00C949F4 /* Project object */ = {
			isa = PBXProject;
			attributes = {
				LastUpgradeCheck = 0700;
				ORGANIZATIONNAME = tsing.sun;
				TargetAttributes = {
					9714C8161D65550A00C949F4 = {
						CreatedOnToolsVersion = 7.0;
						DevelopmentTeam = 4V59YL5W58;
					};
				};
			};
			buildConfigurationList = 9714C8121D65550A00C949F4 /* Build configuration list for PBXProject "test" */;
			compatibilityVersion = "Xcode 3.2";
			developmentRegion = English;
			hasScannedForEncodings = 0;
			knownRegions = (
				en,
				Base,
			);
			mainGroup = 9714C80E1D65550A00C949F4;
			productRefGroup = 9714C8181D65550A00C949F4 /* Products */;
			projectDirPath = "";
			projectRoot = "";
			targets = (
				9714C8161D65550A00C949F4 /* test */,
			);
		};
/* End PBXProject section */

/* Begin PBXResourcesBuildPhase section */
		9714C8151D65550A00C949F4 /* Resources */ = {
			isa = PBXResourcesBuildPhase;
			buildActionMask = 2147483647;
			files = (
				9714C8251D65550A00C949F4 /* LaunchScreen.storyboard in Resources */,
				9714C8221D65550A00C949F4 /* Assets.xcassets in Resources */,
			);
			runOnlyForDeploymentPostprocessing = 0;
		};
/* End PBXResourcesBuildPhase section */

/* Begin PBXSourcesBuildPhase section */
		9714C8131D65550A00C949F4 /* Sources */ = {
			isa = PBXSourcesBuildPhase;
			buildActionMask = 2147483647;
			files = (
				97236A991D659FDF00650923 /* RootController.swift in Sources */,
				97236A971D6598B400650923 /* TabBarController.swift in Sources */,
				9714C8311D65806B00C949F4 /* FirstPageView.swift in Sources */,
				9714C81B1D65550A00C949F4 /* AppDelegate.swift in Sources */,
				9714C8341D6596EF00C949F4 /* ViewController.swift in Sources */,
			);
			runOnlyForDeploymentPostprocessing = 0;
		};
/* End PBXSourcesBuildPhase section */

/* Begin PBXVariantGroup section */
		9714C8231D65550A00C949F4 /* LaunchScreen.storyboard */ = {
			isa = PBXVariantGroup;
			children = (
				9714C8241D65550A00C949F4 /* Base */,
			);
			name = LaunchScreen.storyboard;
			sourceTree = "<group>";
		};
/* End PBXVariantGroup section */

/* Begin XCBuildConfiguration section */
		9714C8271D65550A00C949F4 /* Debug */ = {
			isa = XCBuildConfiguration;
			buildSettings = {
				ALWAYS_SEARCH_USER_PATHS = NO;
				CLANG_CXX_LANGUAGE_STANDARD = "gnu++0x";
				CLANG_CXX_LIBRARY = "libc++";
				CLANG_ENABLE_MODULES = YES;
				CLANG_ENABLE_OBJC_ARC = YES;
				CLANG_WARN_BOOL_CONVERSION = YES;
				CLANG_WARN_CONSTANT_CONVERSION = YES;
				CLANG_WARN_DIRECT_OBJC_ISA_USAGE = YES_ERROR;
				CLANG_WARN_EMPTY_BODY = YES;
				CLANG_WARN_ENUM_CONVERSION = YES;
				CLANG_WARN_INT_CONVERSION = YES;
				CLANG_WARN_OBJC_ROOT_CLASS = YES_ERROR;
				CLANG_WARN_UNREACHABLE_CODE = YES;
				CLANG_WARN__DUPLICATE_METHOD_MATCH = YES;
				"CODE_SIGN_IDENTITY[sdk=iphoneos*]" = "iPhone Developer";
				COPY_PHASE_STRIP = NO;
				DEBUG_INFORMATION_FORMAT = dwarf;
				ENABLE_STRICT_OBJC_MSGSEND = YES;
				ENABLE_TESTABILITY = YES;
				GCC_C_LANGUAGE_STANDARD = gnu99;
				GCC_DYNAMIC_NO_PIC = NO;
				GCC_NO_COMMON_BLOCKS = YES;
				GCC_OPTIMIZATION_LEVEL = 0;
				GCC_PREPROCESSOR_DEFINITIONS = (
					"DEBUG=1",
					"$(inherited)",
				);
				GCC_WARN_64_TO_32_BIT_CONVERSION = YES;
				GCC_WARN_ABOUT_RETURN_TYPE = YES_ERROR;
				GCC_WARN_UNDECLARED_SELECTOR = YES;
				GCC_WARN_UNINITIALIZED_AUTOS = YES_AGGRESSIVE;
				GCC_WARN_UNUSED_FUNCTION = YES;
				GCC_WARN_UNUSED_VARIABLE = YES;
				IPHONEOS_DEPLOYMENT_TARGET = 9.0;
				MTL_ENABLE_DEBUG_INFO = YES;
				ONLY_ACTIVE_ARCH = YES;
				SDKROOT = iphoneos;
				SWIFT_OPTIMIZATION_LEVEL = "-Onone";
			};
			name = Debug;
		};
		9714C8281D65550A00C949F4 /* Release */ = {
			isa = XCBuildConfiguration;
			buildSettings = {
				ALWAYS_SEARCH_USER_PATHS = NO;
				CLANG_CXX_LANGUAGE_STANDARD = "gnu++0x";
				CLANG_CXX_LIBRARY = "libc++";
				CLANG_ENABLE_MODULES = YES;
				CLANG_ENABLE_OBJC_ARC = YES;
				CLANG_WARN_BOOL_CONVERSION = YES;
				CLANG_WARN_CONSTANT_CONVERSION = YES;
				CLANG_WARN_DIRECT_OBJC_ISA_USAGE = YES_ERROR;
				CLANG_WARN_EMPTY_BODY = YES;
				CLANG_WARN_ENUM_CONVERSION = YES;
				CLANG_WARN_INT_CONVERSION = YES;
				CLANG_WARN_OBJC_ROOT_CLASS = YES_ERROR;
				CLANG_WARN_UNREACHABLE_CODE = YES;
				CLANG_WARN__DUPLICATE_METHOD_MATCH = YES;
				"CODE_SIGN_IDENTITY[sdk=iphoneos*]" = "iPhone Developer";
				COPY_PHASE_STRIP = NO;
				DEBUG_INFORMATION_FORMAT = "dwarf-with-dsym";
				ENABLE_NS_ASSERTIONS = NO;
				ENABLE_STRICT_OBJC_MSGSEND = YES;
				GCC_C_LANGUAGE_STANDARD = gnu99;
				GCC_NO_COMMON_BLOCKS = YES;
				GCC_WARN_64_TO_32_BIT_CONVERSION = YES;
				GCC_WARN_ABOUT_RETURN_TYPE = YES_ERROR;
				GCC_WARN_UNDECLARED_SELECTOR = YES;
				GCC_WARN_UNINITIALIZED_AUTOS = YES_AGGRESSIVE;
				GCC_WARN_UNUSED_FUNCTION = YES;
				GCC_WARN_UNUSED_VARIABLE = YES;
				IPHONEOS_DEPLOYMENT_TARGET = 9.0;
				MTL_ENABLE_DEBUG_INFO = NO;
				SDKROOT = iphoneos;
				VALIDATE_PRODUCT = YES;
			};
			name = Release;
		};
		9714C82A1D65550A00C949F4 /* Debug */ = {
			isa = XCBuildConfiguration;
			buildSettings = {
				ASSETCATALOG_COMPILER_APPICON_NAME = AppIcon;
				INFOPLIST_FILE = test/Info.plist;
				LD_RUNPATH_SEARCH_PATHS = "$(inherited) @executable_path/Frameworks";
				PRODUCT_BUNDLE_IDENTIFIER = com.tsing.test;
				PRODUCT_NAME = "$(TARGET_NAME)";
			};
			name = Debug;
		};
		9714C82B1D65550A00C949F4 /* Release */ = {
			isa = XCBuildConfiguration;
			buildSettings = {
				ASSETCATALOG_COMPILER_APPICON_NAME = AppIcon;
				INFOPLIST_FILE = test/Info.plist;
				LD_RUNPATH_SEARCH_PATHS = "$(inherited) @executable_path/Frameworks";
				PRODUCT_BUNDLE_IDENTIFIER = com.tsing.test;
				PRODUCT_NAME = "$(TARGET_NAME)";
			};
			name = Release;
		};
/* End XCBuildConfiguration section */

/* Begin XCConfigurationList section */
		9714C8121D65550A00C949F4 /* Build configuration list for PBXProject "test" */ = {
			isa = XCConfigurationList;
			buildConfigurations = (
				9714C8271D65550A00C949F4 /* Debug */,
				9714C8281D65550A00C949F4 /* Release */,
			);
			defaultConfigurationIsVisible = 0;
			defaultConfigurationName = Release;
		};
		9714C8291D65550A00C949F4 /* Build configuration list for PBXNativeTarget "test" */ = {
			isa = XCConfigurationList;
			buildConfigurations = (
				9714C82A1D65550A00C949F4 /* Debug */,
				9714C82B1D65550A00C949F4 /* Release */,
			);
			defaultConfigurationIsVisible = 0;
			defaultConfigurationName = Release;
		};
/* End XCConfigurationList section */
	};
	rootObject = 9714C80F1D65550A00C949F4 /* Project object */;
}
